
Microsoft Visual Studio Solution File, Format Version 11.00
# Visual Studio 2010
Project("{FAE04EC0-301F-11D3-BF4B-00C04F79EFBC}") = "Assembly-CSharp", "Assembly-CSharp.csproj", "{1dee943c-8b71-9121-af00-f8bf84054df9}"
EndProject
Project("{FAE04EC0-301F-11D3-BF4B-00C04F79EFBC}") = "Fusion.Addressables", "Fusion.Addressables.csproj", "{b63a9721-fa52-a74f-78d4-13d7a55c8da9}"
EndProject
Project("{FAE04EC0-301F-11D3-BF4B-00C04F79EFBC}") = "Fusion.Editor", "Fusion.Editor.csproj", "{3547c5af-e540-4822-9392-620c05947cdc}"
EndProject
Project("{FAE04EC0-301F-11D3-BF4B-00C04F79EFBC}") = "Unity.Fusion.CodeGen", "Unity.Fusion.CodeGen.csproj", "{38459636-3a2e-d6e3-b508-2cb594592244}"
EndProject
Project("{FAE04EC0-301F-11D3-BF4B-00C04F79EFBC}") = "Assembly-CSharp-Editor", "Assembly-CSharp-Editor.csproj", "{d39898dd-9fd1-074b-d8c1-4409d5f3b67d}"
EndProject
Global
	GlobalSection(SolutionConfigurationPlatforms) = preSolution
		Debug|Any CPU = Debug|Any CPU
	EndGlobalSection
	GlobalSection(ProjectConfigurationPlatforms) = postSolution
		{1dee943c-8b71-9121-af00-f8bf84054df9}.Debug|Any CPU.ActiveCfg = Debug|Any CPU
		{1dee943c-8b71-9121-af00-f8bf84054df9}.Debug|Any CPU.Build.0 = Debug|Any CPU
		{b63a9721-fa52-a74f-78d4-13d7a55c8da9}.Debug|Any CPU.ActiveCfg = Debug|Any CPU
		{b63a9721-fa52-a74f-78d4-13d7a55c8da9}.Debug|Any CPU.Build.0 = Debug|Any CPU
		{3547c5af-e540-4822-9392-620c05947cdc}.Debug|Any CPU.ActiveCfg = Debug|Any CPU
		{3547c5af-e540-4822-9392-620c05947cdc}.Debug|Any CPU.Build.0 = Debug|Any CPU
		{38459636-3a2e-d6e3-b508-2cb594592244}.Debug|Any CPU.ActiveCfg = Debug|Any CPU
		{38459636-3a2e-d6e3-b508-2cb594592244}.Debug|Any CPU.Build.0 = Debug|Any CPU
		{d39898dd-9fd1-074b-d8c1-4409d5f3b67d}.Debug|Any CPU.ActiveCfg = Debug|Any CPU
		{d39898dd-9fd1-074b-d8c1-4409d5f3b67d}.Debug|Any CPU.Build.0 = Debug|Any CPU
	EndGlobalSection
	GlobalSection(SolutionProperties) = preSolution
		HideSolutionNode = FALSE
	EndGlobalSection
EndGlobal
