
Microsoft Visual Studio Solution File, Format Version 11.00
# Visual Studio 2010
Project("{FAE04EC0-301F-11D3-BF4B-00C04F79EFBC}") = "Assembly-CSharp", "Assembly-CSharp.csproj", "{3C94EE1D-718B-2191-AF00-F8BF84054DF9}"
EndProject
Project("{FAE04EC0-301F-11D3-BF4B-00C04F79EFBC}") = "Fusion.Addressables", "Fusion.Addressables.csproj", "{21973AB6-52FA-4FA7-78D4-13D7A55C8DA9}"
EndProject
Project("{FAE04EC0-301F-11D3-BF4B-00C04F79EFBC}") = "Fusion.Editor", "Fusion.Editor.csproj", "{AFC54735-40E5-2248-9392-620C05947CDC}"
EndProject
Project("{FAE04EC0-301F-11D3-BF4B-00C04F79EFBC}") = "Unity.Fusion.CodeGen", "Unity.Fusion.CodeGen.csproj", "{36964538-2E3A-E3D6-B508-2CB594592244}"
EndProject
Project("{FAE04EC0-301F-11D3-BF4B-00C04F79EFBC}") = "Assembly-CSharp-Editor", "Assembly-CSharp-Editor.csproj", "{DD9898D3-D19F-4B07-D8C1-4409D5F3B67D}"
EndProject
Global
	GlobalSection(SolutionConfigurationPlatforms) = preSolution
		Debug|Any CPU = Debug|Any CPU
		Release|Any CPU = Release|Any CPU
	EndGlobalSection
	GlobalSection(ProjectConfigurationPlatforms) = postSolution
		{3C94EE1D-718B-2191-AF00-F8BF84054DF9}.Debug|Any CPU.ActiveCfg = Debug|Any CPU
		{3C94EE1D-718B-2191-AF00-F8BF84054DF9}.Debug|Any CPU.Build.0 = Debug|Any CPU
		{3C94EE1D-718B-2191-AF00-F8BF84054DF9}.Release|Any CPU.ActiveCfg = Release|Any CPU
		{3C94EE1D-718B-2191-AF00-F8BF84054DF9}.Release|Any CPU.Build.0 = Release|Any CPU
		{21973AB6-52FA-4FA7-78D4-13D7A55C8DA9}.Debug|Any CPU.ActiveCfg = Debug|Any CPU
		{21973AB6-52FA-4FA7-78D4-13D7A55C8DA9}.Debug|Any CPU.Build.0 = Debug|Any CPU
		{21973AB6-52FA-4FA7-78D4-13D7A55C8DA9}.Release|Any CPU.ActiveCfg = Release|Any CPU
		{21973AB6-52FA-4FA7-78D4-13D7A55C8DA9}.Release|Any CPU.Build.0 = Release|Any CPU
		{AFC54735-40E5-2248-9392-620C05947CDC}.Debug|Any CPU.ActiveCfg = Debug|Any CPU
		{AFC54735-40E5-2248-9392-620C05947CDC}.Debug|Any CPU.Build.0 = Debug|Any CPU
		{AFC54735-40E5-2248-9392-620C05947CDC}.Release|Any CPU.ActiveCfg = Release|Any CPU
		{AFC54735-40E5-2248-9392-620C05947CDC}.Release|Any CPU.Build.0 = Release|Any CPU
		{36964538-2E3A-E3D6-B508-2CB594592244}.Debug|Any CPU.ActiveCfg = Debug|Any CPU
		{36964538-2E3A-E3D6-B508-2CB594592244}.Debug|Any CPU.Build.0 = Debug|Any CPU
		{36964538-2E3A-E3D6-B508-2CB594592244}.Release|Any CPU.ActiveCfg = Release|Any CPU
		{36964538-2E3A-E3D6-B508-2CB594592244}.Release|Any CPU.Build.0 = Release|Any CPU
		{DD9898D3-D19F-4B07-D8C1-4409D5F3B67D}.Debug|Any CPU.ActiveCfg = Debug|Any CPU
		{DD9898D3-D19F-4B07-D8C1-4409D5F3B67D}.Debug|Any CPU.Build.0 = Debug|Any CPU
		{DD9898D3-D19F-4B07-D8C1-4409D5F3B67D}.Release|Any CPU.ActiveCfg = Release|Any CPU
		{DD9898D3-D19F-4B07-D8C1-4409D5F3B67D}.Release|Any CPU.Build.0 = Release|Any CPU
	EndGlobalSection
	GlobalSection(SolutionProperties) = preSolution
		HideSolutionNode = FALSE
	EndGlobalSection
EndGlobal
